
Microsoft Visual Studio Solution File, Format Version 12.00
# Visual Studio Version 16
VisualStudioVersion = 16.0.31205.134
MinimumVisualStudioVersion = 10.0.40219.1
Project("{FAE04EC0-301F-11D3-BF4B-00C04F79EFBC}") = "FoFoStore", "FoFoStore\FoFoStore.csproj", "{CC5E0A9A-4187-44AD-A45B-B801BA490196}"
EndProject
Project("{FAE04EC0-301F-11D3-BF4B-00C04F79EFBC}") = "FoFoStore.DAL", "FoFoStore.DAL\FoFoStore.DAL.csproj", "{F6A5FFC4-A00A-4A3A-B26A-CDC0FC4E88D4}"
EndProject
Project("{FAE04EC0-301F-11D3-BF4B-00C04F79EFBC}") = "FoFoStore.Utility", "FoFo.Utility\FoFoStore.Utility.csproj", "{AD9BF64D-0DD6-4E92-A6EB-1F705DD693DC}"
EndProject
Project("{FAE04EC0-301F-11D3-BF4B-00C04F79EFBC}") = "FoFoStore.Models", "FoFo.Models\FoFoStore.Models.csproj", "{21B9D67E-6FD2-44C0-8DC3-908CB804402D}"
EndProject
Global
	GlobalSection(SolutionConfigurationPlatforms) = preSolution
		Debug|Any CPU = Debug|Any CPU
		Release|Any CPU = Release|Any CPU
	EndGlobalSection
	GlobalSection(ProjectConfigurationPlatforms) = postSolution
		{CC5E0A9A-4187-44AD-A45B-B801BA490196}.Debug|Any CPU.ActiveCfg = Debug|Any CPU
		{CC5E0A9A-4187-44AD-A45B-B801BA490196}.Debug|Any CPU.Build.0 = Debug|Any CPU
		{CC5E0A9A-4187-44AD-A45B-B801BA490196}.Release|Any CPU.ActiveCfg = Release|Any CPU
		{CC5E0A9A-4187-44AD-A45B-B801BA490196}.Release|Any CPU.Build.0 = Release|Any CPU
		{F6A5FFC4-A00A-4A3A-B26A-CDC0FC4E88D4}.Debug|Any CPU.ActiveCfg = Debug|Any CPU
		{F6A5FFC4-A00A-4A3A-B26A-CDC0FC4E88D4}.Debug|Any CPU.Build.0 = Debug|Any CPU
		{F6A5FFC4-A00A-4A3A-B26A-CDC0FC4E88D4}.Release|Any CPU.ActiveCfg = Release|Any CPU
		{F6A5FFC4-A00A-4A3A-B26A-CDC0FC4E88D4}.Release|Any CPU.Build.0 = Release|Any CPU
		{AD9BF64D-0DD6-4E92-A6EB-1F705DD693DC}.Debug|Any CPU.ActiveCfg = Debug|Any CPU
		{AD9BF64D-0DD6-4E92-A6EB-1F705DD693DC}.Debug|Any CPU.Build.0 = Debug|Any CPU
		{AD9BF64D-0DD6-4E92-A6EB-1F705DD693DC}.Release|Any CPU.ActiveCfg = Release|Any CPU
		{AD9BF64D-0DD6-4E92-A6EB-1F705DD693DC}.Release|Any CPU.Build.0 = Release|Any CPU
		{21B9D67E-6FD2-44C0-8DC3-908CB804402D}.Debug|Any CPU.ActiveCfg = Debug|Any CPU
		{21B9D67E-6FD2-44C0-8DC3-908CB804402D}.Debug|Any CPU.Build.0 = Debug|Any CPU
		{21B9D67E-6FD2-44C0-8DC3-908CB804402D}.Release|Any CPU.ActiveCfg = Release|Any CPU
		{21B9D67E-6FD2-44C0-8DC3-908CB804402D}.Release|Any CPU.Build.0 = Release|Any CPU
	EndGlobalSection
	GlobalSection(SolutionProperties) = preSolution
		HideSolutionNode = FALSE
	EndGlobalSection
	GlobalSection(ExtensibilityGlobals) = postSolution
		SolutionGuid = {9C4E100A-D8A1-44C6-AC49-3A0354E70D39}
	EndGlobalSection
EndGlobal
